
Microsoft Visual Studio Solution File, Format Version 12.00
# Visual Studio Version 17
VisualStudioVersion = 17.6.33513.286
MinimumVisualStudioVersion = 10.0.40219.1
Project("{FAE04EC0-301F-11D3-BF4B-00C04F79EFBC}") = "BetterDesktop", "BetterDesktop\BetterDesktop.csproj", "{F6439783-0FBF-45D0-A886-30A497613CB0}"
EndProject
Global
	GlobalSection(SolutionConfigurationPlatforms) = preSolution
		Debug|Any CPU = Debug|Any CPU
		Release|Any CPU = Release|Any CPU
	EndGlobalSection
	GlobalSection(ProjectConfigurationPlatforms) = postSolution
		{F6439783-0FBF-45D0-A886-30A497613CB0}.Debug|Any CPU.ActiveCfg = Debug|Any CPU
		{F6439783-0FBF-45D0-A886-30A497613CB0}.Debug|Any CPU.Build.0 = Debug|Any CPU
		{F6439783-0FBF-45D0-A886-30A497613CB0}.Release|Any CPU.ActiveCfg = Release|Any CPU
		{F6439783-0FBF-45D0-A886-30A497613CB0}.Release|Any CPU.Build.0 = Release|Any CPU
	EndGlobalSection
	GlobalSection(SolutionProperties) = preSolution
		HideSolutionNode = FALSE
	EndGlobalSection
	GlobalSection(ExtensibilityGlobals) = postSolution
		SolutionGuid = {D754542F-5330-47AF-BC95-3AE7F0F68549}
	EndGlobalSection
EndGlobal
